
Microsoft Visual Studio Solution File, Format Version 12.00
# Visual Studio 15
VisualStudioVersion = 15.0.28307.489
MinimumVisualStudioVersion = 10.0.40219.1
Project("{FAE04EC0-301F-11D3-BF4B-00C04F79EFBC}") = "AccountComparison", "AccountComparison\AccountComparison.csproj", "{A72F9CC3-5678-4CCC-8F63-ECC599BE1AFA}"
EndProject
Project("{FAE04EC0-301F-11D3-BF4B-00C04F79EFBC}") = "UnitTestProject1", "UnitTestProject1\UnitTestProject1.csproj", "{475B03DD-74FC-40EB-8CA5-F61A41EE7AB0}"
EndProject
Global
	GlobalSection(SolutionConfigurationPlatforms) = preSolution
		Debug|Any CPU = Debug|Any CPU
		Release|Any CPU = Release|Any CPU
	EndGlobalSection
	GlobalSection(ProjectConfigurationPlatforms) = postSolution
		{A72F9CC3-5678-4CCC-8F63-ECC599BE1AFA}.Debug|Any CPU.ActiveCfg = Debug|Any CPU
		{A72F9CC3-5678-4CCC-8F63-ECC599BE1AFA}.Debug|Any CPU.Build.0 = Debug|Any CPU
		{A72F9CC3-5678-4CCC-8F63-ECC599BE1AFA}.Release|Any CPU.ActiveCfg = Release|Any CPU
		{A72F9CC3-5678-4CCC-8F63-ECC599BE1AFA}.Release|Any CPU.Build.0 = Release|Any CPU
		{475B03DD-74FC-40EB-8CA5-F61A41EE7AB0}.Debug|Any CPU.ActiveCfg = Debug|Any CPU
		{475B03DD-74FC-40EB-8CA5-F61A41EE7AB0}.Debug|Any CPU.Build.0 = Debug|Any CPU
		{475B03DD-74FC-40EB-8CA5-F61A41EE7AB0}.Release|Any CPU.ActiveCfg = Release|Any CPU
		{475B03DD-74FC-40EB-8CA5-F61A41EE7AB0}.Release|Any CPU.Build.0 = Release|Any CPU
	EndGlobalSection
	GlobalSection(SolutionProperties) = preSolution
		HideSolutionNode = FALSE
	EndGlobalSection
	GlobalSection(ExtensibilityGlobals) = postSolution
		SolutionGuid = {F7706DCB-13DB-4DD3-B449-A5169E0EE2B8}
	EndGlobalSection
EndGlobal
